// !$*UTF8*$!
{
	archiveVersion = 1;
	classes = {
	};
	objectVersion = 50;
	objects = {

/* Begin PBXBuildFile section */
		E721F9A2225E36D8005B39A0 /* AppDelegate.swift in Sources */ = {isa = PBXBuildFile; fileRef = E721F9A1225E36D8005B39A0 /* AppDelegate.swift */; };
		E721F9A9225E36D9005B39A0 /* Assets.xcassets in Resources */ = {isa = PBXBuildFile; fileRef = E721F9A8225E36D9005B39A0 /* Assets.xcassets */; };
		E721F9AC225E36D9005B39A0 /* LaunchScreen.storyboard in Resources */ = {isa = PBXBuildFile; fileRef = E721F9AA225E36D9005B39A0 /* LaunchScreen.storyboard */; };
		E721F9B7225E36D9005B39A0 /* PicSearcherTests.swift in Sources */ = {isa = PBXBuildFile; fileRef = E721F9B6225E36D9005B39A0 /* PicSearcherTests.swift */; };
		E721F9C2225E36D9005B39A0 /* PicSearcherUITests.swift in Sources */ = {isa = PBXBuildFile; fileRef = E721F9C1225E36D9005B39A0 /* PicSearcherUITests.swift */; };
		E7F72DE4225E3894005808AA /* Cartfile in Resources */ = {isa = PBXBuildFile; fileRef = E7F72DE3225E3894005808AA /* Cartfile */; };
		E7F72DF0225E4766005808AA /* InfoPlist.strings in Resources */ = {isa = PBXBuildFile; fileRef = E7F72DF2225E4766005808AA /* InfoPlist.strings */; };
		E7F72DF8225E4816005808AA /* HomeViewController.swift in Sources */ = {isa = PBXBuildFile; fileRef = E7F72DF7225E4816005808AA /* HomeViewController.swift */; };
		E7F72DFB225E70F8005808AA /* Colors.swift in Sources */ = {isa = PBXBuildFile; fileRef = E7F72DFA225E70F8005808AA /* Colors.swift */; };
		E7F72E6C225E802F005808AA /* QXSwiftKit.framework in Embed Frameworks */ = {isa = PBXBuildFile; fileRef = E7F72E67225E800A005808AA /* QXSwiftKit.framework */; settings = {ATTRIBUTES = (CodeSignOnCopy, RemoveHeadersOnCopy, ); }; };
		E7F72E6F225E80A6005808AA /* UIConstants.swift in Sources */ = {isa = PBXBuildFile; fileRef = E7F72E6E225E80A6005808AA /* UIConstants.swift */; };
		E7F72E81225E837B005808AA /* NetworkMonitor.swift in Sources */ = {isa = PBXBuildFile; fileRef = E7F72E80225E837B005808AA /* NetworkMonitor.swift */; };
		E7F72E84225E843B005808AA /* FlickrSearchApiService.swift in Sources */ = {isa = PBXBuildFile; fileRef = E7F72E83225E843B005808AA /* FlickrSearchApiService.swift */; };
		E7F72E86225E84FF005808AA /* FlickrSearchApiResponseModel.swift in Sources */ = {isa = PBXBuildFile; fileRef = E7F72E85225E84FF005808AA /* FlickrSearchApiResponseModel.swift */; };
		E7F72E88225E85F6005808AA /* FlickSearchResponseCacher.swift in Sources */ = {isa = PBXBuildFile; fileRef = E7F72E87225E85F6005808AA /* FlickSearchResponseCacher.swift */; };
		E7F72E8A225E8D34005808AA /* StringMask.swift in Sources */ = {isa = PBXBuildFile; fileRef = E7F72E89225E8D34005808AA /* StringMask.swift */; };
		E7F72E8E225F43AB005808AA /* FlickrSearchApiServiceTest.swift in Sources */ = {isa = PBXBuildFile; fileRef = E7F72E8D225F43AB005808AA /* FlickrSearchApiServiceTest.swift */; };
		E7F72E90225F43C2005808AA /* StringMaskTest.swift in Sources */ = {isa = PBXBuildFile; fileRef = E7F72E8F225F43C2005808AA /* StringMaskTest.swift */; };
		E7F72E92225F4526005808AA /* SDWebImage.framework in Embed Frameworks */ = {isa = PBXBuildFile; fileRef = E7F72E7B225E819B005808AA /* SDWebImage.framework */; settings = {ATTRIBUTES = (CodeSignOnCopy, RemoveHeadersOnCopy, ); }; };
		E7F72E94225F453C005808AA /* ToastSwiftFramework.framework in Embed Frameworks */ = {isa = PBXBuildFile; fileRef = E7F72E7A225E819B005808AA /* ToastSwiftFramework.framework */; settings = {ATTRIBUTES = (CodeSignOnCopy, RemoveHeadersOnCopy, ); }; };
		E7F72E96225F455C005808AA /* SKPhotoBrowser.framework in Embed Frameworks */ = {isa = PBXBuildFile; fileRef = E7F72E78225E819B005808AA /* SKPhotoBrowser.framework */; settings = {ATTRIBUTES = (CodeSignOnCopy, RemoveHeadersOnCopy, ); }; };
		E7F72E98225F455C005808AA /* SnapKit.framework in Embed Frameworks */ = {isa = PBXBuildFile; fileRef = E7F72E79225E819B005808AA /* SnapKit.framework */; settings = {ATTRIBUTES = (CodeSignOnCopy, RemoveHeadersOnCopy, ); }; };
		E7F72E9A225F455C005808AA /* IQKeyboardManagerSwift.framework in Embed Frameworks */ = {isa = PBXBuildFile; fileRef = E7F72E76225E8187005808AA /* IQKeyboardManagerSwift.framework */; settings = {ATTRIBUTES = (CodeSignOnCopy, RemoveHeadersOnCopy, ); }; };
		E7F72E9C225F455C005808AA /* Alamofire.framework in Embed Frameworks */ = {isa = PBXBuildFile; fileRef = E7F72E70225E8159005808AA /* Alamofire.framework */; settings = {ATTRIBUTES = (CodeSignOnCopy, RemoveHeadersOnCopy, ); }; };
		E7F72E9F225F46DA005808AA /* Localizable.strings in Resources */ = {isa = PBXBuildFile; fileRef = E7F72EA1225F46DA005808AA /* Localizable.strings */; };
		E7F72EA4225F48CD005808AA /* IndicatorButton.swift in Sources */ = {isa = PBXBuildFile; fileRef = E7F72EA3225F48CD005808AA /* IndicatorButton.swift */; };
		E7F72EA6225F50DC005808AA /* SDWebImage.framework in Frameworks */ = {isa = PBXBuildFile; fileRef = E7F72E7B225E819B005808AA /* SDWebImage.framework */; };
		E7F72EA7225F50DC005808AA /* SKPhotoBrowser.framework in Frameworks */ = {isa = PBXBuildFile; fileRef = E7F72E78225E819B005808AA /* SKPhotoBrowser.framework */; };
		E7F72EA8225F50DC005808AA /* SnapKit.framework in Frameworks */ = {isa = PBXBuildFile; fileRef = E7F72E79225E819B005808AA /* SnapKit.framework */; };
		E7F72EA9225F50DC005808AA /* ToastSwiftFramework.framework in Frameworks */ = {isa = PBXBuildFile; fileRef = E7F72E7A225E819B005808AA /* ToastSwiftFramework.framework */; };
		E7F72EAA225F50DC005808AA /* IQKeyboardManagerSwift.framework in Frameworks */ = {isa = PBXBuildFile; fileRef = E7F72E76225E8187005808AA /* IQKeyboardManagerSwift.framework */; };
		E7F72EAB225F50DC005808AA /* Alamofire.framework in Frameworks */ = {isa = PBXBuildFile; fileRef = E7F72E70225E8159005808AA /* Alamofire.framework */; };
		E7F72EAC225F50DC005808AA /* QXSwiftKit.framework in Frameworks */ = {isa = PBXBuildFile; fileRef = E7F72E67225E800A005808AA /* QXSwiftKit.framework */; };
		E7F72EAE225F55E1005808AA /* HomeViewProtocols.swift in Sources */ = {isa = PBXBuildFile; fileRef = E7F72EAD225F55E1005808AA /* HomeViewProtocols.swift */; };
		E7F72EB0225F5608005808AA /* HomeViewModel.swift in Sources */ = {isa = PBXBuildFile; fileRef = E7F72EAF225F5608005808AA /* HomeViewModel.swift */; };
		E7F72EB2225F5885005808AA /* HomeViewDataProvider.swift in Sources */ = {isa = PBXBuildFile; fileRef = E7F72EB1225F5885005808AA /* HomeViewDataProvider.swift */; };
		E7F72EB4225F69D9005808AA /* LocalizedStrings.swift in Sources */ = {isa = PBXBuildFile; fileRef = E7F72EB3225F69D9005808AA /* LocalizedStrings.swift */; };
		E7F72EB7225F9498005808AA /* SearchSuccessListViewController.swift in Sources */ = {isa = PBXBuildFile; fileRef = E7F72EB6225F9498005808AA /* SearchSuccessListViewController.swift */; };
		E7F72EB9225F94CA005808AA /* SearchSuccessListViewModel.swift in Sources */ = {isa = PBXBuildFile; fileRef = E7F72EB8225F94CA005808AA /* SearchSuccessListViewModel.swift */; };
		E7F72EBB225F9613005808AA /* SearchSuccessListDataProvider.swift in Sources */ = {isa = PBXBuildFile; fileRef = E7F72EBA225F9613005808AA /* SearchSuccessListDataProvider.swift */; };
		E7F72EBD225F9691005808AA /* SearchSuccessListProtocols.swift in Sources */ = {isa = PBXBuildFile; fileRef = E7F72EBC225F9691005808AA /* SearchSuccessListProtocols.swift */; };
		E7F72EBF225FDDA3005808AA /* MJRefresh.framework in Frameworks */ = {isa = PBXBuildFile; fileRef = E7F72EBE225FDDA3005808AA /* MJRefresh.framework */; };
		E7F72EC1225FE0DA005808AA /* Extensions.swift in Sources */ = {isa = PBXBuildFile; fileRef = E7F72EC0225FE0DA005808AA /* Extensions.swift */; };
		E7F72EC3225FE29D005808AA /* PhotoCollectionViewCell.swift in Sources */ = {isa = PBXBuildFile; fileRef = E7F72EC2225FE29D005808AA /* PhotoCollectionViewCell.swift */; };
		E7F72EC4225FE81C005808AA /* MJRefresh.framework in Frameworks */ = {isa = PBXBuildFile; fileRef = E7F72EBE225FDDA3005808AA /* MJRefresh.framework */; };
		E7F72EC5225FE81C005808AA /* MJRefresh.framework in Embed Frameworks */ = {isa = PBXBuildFile; fileRef = E7F72EBE225FDDA3005808AA /* MJRefresh.framework */; settings = {ATTRIBUTES = (CodeSignOnCopy, RemoveHeadersOnCopy, ); }; };
/* End PBXBuildFile section */

/* Begin PBXContainerItemProxy section */
		E721F9B3225E36D9005B39A0 /* PBXContainerItemProxy */ = {
			isa = PBXContainerItemProxy;
			containerPortal = E721F996225E36D8005B39A0 /* Project object */;
			proxyType = 1;
			remoteGlobalIDString = E721F99D225E36D8005B39A0;
			remoteInfo = PicSearcher;
		};
		E721F9BE225E36D9005B39A0 /* PBXContainerItemProxy */ = {
			isa = PBXContainerItemProxy;
			containerPortal = E721F996225E36D8005B39A0 /* Project object */;
			proxyType = 1;
			remoteGlobalIDString = E721F99D225E36D8005B39A0;
			remoteInfo = PicSearcher;
		};
/* End PBXContainerItemProxy section */

/* Begin PBXCopyFilesBuildPhase section */
		E7F72E6D225E802F005808AA /* Embed Frameworks */ = {
			isa = PBXCopyFilesBuildPhase;
			buildActionMask = 2147483647;
			dstPath = "";
			dstSubfolderSpec = 10;
			files = (
				E7F72E96225F455C005808AA /* SKPhotoBrowser.framework in Embed Frameworks */,
				E7F72E92225F4526005808AA /* SDWebImage.framework in Embed Frameworks */,
				E7F72E94225F453C005808AA /* ToastSwiftFramework.framework in Embed Frameworks */,
				E7F72E6C225E802F005808AA /* QXSwiftKit.framework in Embed Frameworks */,
				E7F72E9C225F455C005808AA /* Alamofire.framework in Embed Frameworks */,
				E7F72EC5225FE81C005808AA /* MJRefresh.framework in Embed Frameworks */,
				E7F72E9A225F455C005808AA /* IQKeyboardManagerSwift.framework in Embed Frameworks */,
				E7F72E98225F455C005808AA /* SnapKit.framework in Embed Frameworks */,
			);
			name = "Embed Frameworks";
			runOnlyForDeploymentPostprocessing = 0;
		};
/* End PBXCopyFilesBuildPhase section */

/* Begin PBXFileReference section */
		E721F99E225E36D8005B39A0 /* PicSearcher.app */ = {isa = PBXFileReference; explicitFileType = wrapper.application; includeInIndex = 0; path = PicSearcher.app; sourceTree = BUILT_PRODUCTS_DIR; };
		E721F9A1225E36D8005B39A0 /* AppDelegate.swift */ = {isa = PBXFileReference; lastKnownFileType = sourcecode.swift; path = AppDelegate.swift; sourceTree = "<group>"; };
		E721F9A8225E36D9005B39A0 /* Assets.xcassets */ = {isa = PBXFileReference; lastKnownFileType = folder.assetcatalog; path = Assets.xcassets; sourceTree = "<group>"; };
		E721F9AD225E36D9005B39A0 /* Info.plist */ = {isa = PBXFileReference; lastKnownFileType = text.plist.xml; path = Info.plist; sourceTree = "<group>"; };
		E721F9B2225E36D9005B39A0 /* PicSearcherTests.xctest */ = {isa = PBXFileReference; explicitFileType = wrapper.cfbundle; includeInIndex = 0; path = PicSearcherTests.xctest; sourceTree = BUILT_PRODUCTS_DIR; };
		E721F9B6225E36D9005B39A0 /* PicSearcherTests.swift */ = {isa = PBXFileReference; lastKnownFileType = sourcecode.swift; path = PicSearcherTests.swift; sourceTree = "<group>"; };
		E721F9B8225E36D9005B39A0 /* Info.plist */ = {isa = PBXFileReference; lastKnownFileType = text.plist.xml; path = Info.plist; sourceTree = "<group>"; };
		E721F9BD225E36D9005B39A0 /* PicSearcherUITests.xctest */ = {isa = PBXFileReference; explicitFileType = wrapper.cfbundle; includeInIndex = 0; path = PicSearcherUITests.xctest; sourceTree = BUILT_PRODUCTS_DIR; };
		E721F9C1225E36D9005B39A0 /* PicSearcherUITests.swift */ = {isa = PBXFileReference; lastKnownFileType = sourcecode.swift; path = PicSearcherUITests.swift; sourceTree = "<group>"; };
		E721F9C3225E36D9005B39A0 /* Info.plist */ = {isa = PBXFileReference; lastKnownFileType = text.plist.xml; path = Info.plist; sourceTree = "<group>"; };
		E7F72DE3225E3894005808AA /* Cartfile */ = {isa = PBXFileReference; fileEncoding = 4; lastKnownFileType = text; path = Cartfile; sourceTree = "<group>"; };
		E7F72DF1225E4766005808AA /* en */ = {isa = PBXFileReference; lastKnownFileType = text.plist.strings; name = en; path = en.lproj/InfoPlist.strings; sourceTree = "<group>"; };
		E7F72DF4225E47C5005808AA /* zh-Hans */ = {isa = PBXFileReference; lastKnownFileType = text.plist.strings; name = "zh-Hans"; path = "zh-Hans.lproj/InfoPlist.strings"; sourceTree = "<group>"; };
		E7F72DF5225E47E3005808AA /* zh-Hans */ = {isa = PBXFileReference; lastKnownFileType = file.storyboard; name = "zh-Hans"; path = "zh-Hans.lproj/LaunchScreen.storyboard"; sourceTree = "<group>"; };
		E7F72DF7225E4816005808AA /* HomeViewController.swift */ = {isa = PBXFileReference; lastKnownFileType = sourcecode.swift; path = HomeViewController.swift; sourceTree = "<group>"; };
		E7F72DFA225E70F8005808AA /* Colors.swift */ = {isa = PBXFileReference; lastKnownFileType = sourcecode.swift; path = Colors.swift; sourceTree = "<group>"; };
		E7F72E67225E800A005808AA /* QXSwiftKit.framework */ = {isa = PBXFileReference; lastKnownFileType = wrapper.framework; path = QXSwiftKit.framework; sourceTree = "<group>"; };
		E7F72E6E225E80A6005808AA /* UIConstants.swift */ = {isa = PBXFileReference; lastKnownFileType = sourcecode.swift; path = UIConstants.swift; sourceTree = "<group>"; };
		E7F72E70225E8159005808AA /* Alamofire.framework */ = {isa = PBXFileReference; lastKnownFileType = wrapper.framework; name = Alamofire.framework; path = Carthage/Build/iOS/Alamofire.framework; sourceTree = SOURCE_ROOT; };
		E7F72E76225E8187005808AA /* IQKeyboardManagerSwift.framework */ = {isa = PBXFileReference; lastKnownFileType = wrapper.framework; name = IQKeyboardManagerSwift.framework; path = Carthage/Build/iOS/IQKeyboardManagerSwift.framework; sourceTree = SOURCE_ROOT; };
		E7F72E78225E819B005808AA /* SKPhotoBrowser.framework */ = {isa = PBXFileReference; lastKnownFileType = wrapper.framework; name = SKPhotoBrowser.framework; path = Carthage/Build/iOS/SKPhotoBrowser.framework; sourceTree = SOURCE_ROOT; };
		E7F72E79225E819B005808AA /* SnapKit.framework */ = {isa = PBXFileReference; lastKnownFileType = wrapper.framework; name = SnapKit.framework; path = Carthage/Build/iOS/SnapKit.framework; sourceTree = SOURCE_ROOT; };
		E7F72E7A225E819B005808AA /* ToastSwiftFramework.framework */ = {isa = PBXFileReference; lastKnownFileType = wrapper.framework; name = ToastSwiftFramework.framework; path = Carthage/Build/iOS/ToastSwiftFramework.framework; sourceTree = SOURCE_ROOT; };
		E7F72E7B225E819B005808AA /* SDWebImage.framework */ = {isa = PBXFileReference; lastKnownFileType = wrapper.framework; name = SDWebImage.framework; path = Carthage/Build/iOS/SDWebImage.framework; sourceTree = SOURCE_ROOT; };
		E7F72E80225E837B005808AA /* NetworkMonitor.swift */ = {isa = PBXFileReference; lastKnownFileType = sourcecode.swift; path = NetworkMonitor.swift; sourceTree = "<group>"; };
		E7F72E83225E843B005808AA /* FlickrSearchApiService.swift */ = {isa = PBXFileReference; lastKnownFileType = sourcecode.swift; path = FlickrSearchApiService.swift; sourceTree = "<group>"; };
		E7F72E85225E84FF005808AA /* FlickrSearchApiResponseModel.swift */ = {isa = PBXFileReference; lastKnownFileType = sourcecode.swift; path = FlickrSearchApiResponseModel.swift; sourceTree = "<group>"; };
		E7F72E87225E85F6005808AA /* FlickSearchResponseCacher.swift */ = {isa = PBXFileReference; lastKnownFileType = sourcecode.swift; path = FlickSearchResponseCacher.swift; sourceTree = "<group>"; };
		E7F72E89225E8D34005808AA /* StringMask.swift */ = {isa = PBXFileReference; lastKnownFileType = sourcecode.swift; path = StringMask.swift; sourceTree = "<group>"; };
		E7F72E8D225F43AB005808AA /* FlickrSearchApiServiceTest.swift */ = {isa = PBXFileReference; lastKnownFileType = sourcecode.swift; path = FlickrSearchApiServiceTest.swift; sourceTree = "<group>"; };
		E7F72E8F225F43C2005808AA /* StringMaskTest.swift */ = {isa = PBXFileReference; lastKnownFileType = sourcecode.swift; path = StringMaskTest.swift; sourceTree = "<group>"; };
		E7F72EA0225F46DA005808AA /* en */ = {isa = PBXFileReference; lastKnownFileType = text.plist.strings; name = en; path = en.lproj/Localizable.strings; sourceTree = "<group>"; };
		E7F72EA2225F46DB005808AA /* zh-Hans */ = {isa = PBXFileReference; lastKnownFileType = text.plist.strings; name = "zh-Hans"; path = "zh-Hans.lproj/Localizable.strings"; sourceTree = "<group>"; };
		E7F72EA3225F48CD005808AA /* IndicatorButton.swift */ = {isa = PBXFileReference; lastKnownFileType = sourcecode.swift; path = IndicatorButton.swift; sourceTree = "<group>"; };
		E7F72EAD225F55E1005808AA /* HomeViewProtocols.swift */ = {isa = PBXFileReference; lastKnownFileType = sourcecode.swift; path = HomeViewProtocols.swift; sourceTree = "<group>"; };
		E7F72EAF225F5608005808AA /* HomeViewModel.swift */ = {isa = PBXFileReference; lastKnownFileType = sourcecode.swift; path = HomeViewModel.swift; sourceTree = "<group>"; };
		E7F72EB1225F5885005808AA /* HomeViewDataProvider.swift */ = {isa = PBXFileReference; lastKnownFileType = sourcecode.swift; path = HomeViewDataProvider.swift; sourceTree = "<group>"; };
		E7F72EB3225F69D9005808AA /* LocalizedStrings.swift */ = {isa = PBXFileReference; lastKnownFileType = sourcecode.swift; path = LocalizedStrings.swift; sourceTree = "<group>"; };
		E7F72EB6225F9498005808AA /* SearchSuccessListViewController.swift */ = {isa = PBXFileReference; lastKnownFileType = sourcecode.swift; path = SearchSuccessListViewController.swift; sourceTree = "<group>"; };
		E7F72EB8225F94CA005808AA /* SearchSuccessListViewModel.swift */ = {isa = PBXFileReference; lastKnownFileType = sourcecode.swift; path = SearchSuccessListViewModel.swift; sourceTree = "<group>"; };
		E7F72EBA225F9613005808AA /* SearchSuccessListDataProvider.swift */ = {isa = PBXFileReference; lastKnownFileType = sourcecode.swift; path = SearchSuccessListDataProvider.swift; sourceTree = "<group>"; };
		E7F72EBC225F9691005808AA /* SearchSuccessListProtocols.swift */ = {isa = PBXFileReference; lastKnownFileType = sourcecode.swift; path = SearchSuccessListProtocols.swift; sourceTree = "<group>"; };
		E7F72EBE225FDDA3005808AA /* MJRefresh.framework */ = {isa = PBXFileReference; lastKnownFileType = wrapper.framework; name = MJRefresh.framework; path = Carthage/Build/iOS/MJRefresh.framework; sourceTree = SOURCE_ROOT; };
		E7F72EC0225FE0DA005808AA /* Extensions.swift */ = {isa = PBXFileReference; lastKnownFileType = sourcecode.swift; path = Extensions.swift; sourceTree = "<group>"; };
		E7F72EC2225FE29D005808AA /* PhotoCollectionViewCell.swift */ = {isa = PBXFileReference; lastKnownFileType = sourcecode.swift; path = PhotoCollectionViewCell.swift; sourceTree = "<group>"; };
/* End PBXFileReference section */

/* Begin PBXFrameworksBuildPhase section */
		E721F99B225E36D8005B39A0 /* Frameworks */ = {
			isa = PBXFrameworksBuildPhase;
			buildActionMask = 2147483647;
			files = (
				E7F72EA6225F50DC005808AA /* SDWebImage.framework in Frameworks */,
				E7F72EC4225FE81C005808AA /* MJRefresh.framework in Frameworks */,
				E7F72EA7225F50DC005808AA /* SKPhotoBrowser.framework in Frameworks */,
				E7F72EA8225F50DC005808AA /* SnapKit.framework in Frameworks */,
				E7F72EA9225F50DC005808AA /* ToastSwiftFramework.framework in Frameworks */,
				E7F72EAA225F50DC005808AA /* IQKeyboardManagerSwift.framework in Frameworks */,
				E7F72EBF225FDDA3005808AA /* MJRefresh.framework in Frameworks */,
				E7F72EAB225F50DC005808AA /* Alamofire.framework in Frameworks */,
				E7F72EAC225F50DC005808AA /* QXSwiftKit.framework in Frameworks */,
			);
			runOnlyForDeploymentPostprocessing = 0;
		};
		E721F9AF225E36D9005B39A0 /* Frameworks */ = {
			isa = PBXFrameworksBuildPhase;
			buildActionMask = 2147483647;
			files = (
			);
			runOnlyForDeploymentPostprocessing = 0;
		};
		E721F9BA225E36D9005B39A0 /* Frameworks */ = {
			isa = PBXFrameworksBuildPhase;
			buildActionMask = 2147483647;
			files = (
			);
			runOnlyForDeploymentPostprocessing = 0;
		};
/* End PBXFrameworksBuildPhase section */

/* Begin PBXGroup section */
		E721F995225E36D8005B39A0 = {
			isa = PBXGroup;
			children = (
				E7F72DE3225E3894005808AA /* Cartfile */,
				E721F9A0225E36D8005B39A0 /* PicSearcher */,
				E721F9B5225E36D9005B39A0 /* PicSearcherTests */,
				E721F9C0225E36D9005B39A0 /* PicSearcherUITests */,
				E721F99F225E36D8005B39A0 /* Products */,
				E7F72EA5225F50DC005808AA /* Frameworks */,
			);
			sourceTree = "<group>";
		};
		E721F99F225E36D8005B39A0 /* Products */ = {
			isa = PBXGroup;
			children = (
				E721F99E225E36D8005B39A0 /* PicSearcher.app */,
				E721F9B2225E36D9005B39A0 /* PicSearcherTests.xctest */,
				E721F9BD225E36D9005B39A0 /* PicSearcherUITests.xctest */,
			);
			name = Products;
			sourceTree = "<group>";
		};
		E721F9A0225E36D8005B39A0 /* PicSearcher */ = {
			isa = PBXGroup;
			children = (
				E7F72E82225E83FB005808AA /* Api */,
				E7F72DFC225E724F005808AA /* ThirdLib */,
				E7F72DF9225E6CB0005808AA /* Common */,
				E7F72DEA225E4378005808AA /* Frontend */,
				E7F72DE9225E435C005808AA /* Application */,
				E7F72DE8225E4349005808AA /* Assets */,
				E721F9AD225E36D9005B39A0 /* Info.plist */,
				E7F72DF2225E4766005808AA /* InfoPlist.strings */,
			);
			path = PicSearcher;
			sourceTree = "<group>";
		};
		E721F9B5225E36D9005B39A0 /* PicSearcherTests */ = {
			isa = PBXGroup;
			children = (
				E7F72E8C225F4358005808AA /* Api */,
				E7F72E8B225F4347005808AA /* Common */,
				E721F9B6225E36D9005B39A0 /* PicSearcherTests.swift */,
				E721F9B8225E36D9005B39A0 /* Info.plist */,
			);
			path = PicSearcherTests;
			sourceTree = "<group>";
		};
		E721F9C0225E36D9005B39A0 /* PicSearcherUITests */ = {
			isa = PBXGroup;
			children = (
				E721F9C1225E36D9005B39A0 /* PicSearcherUITests.swift */,
				E721F9C3225E36D9005B39A0 /* Info.plist */,
			);
			path = PicSearcherUITests;
			sourceTree = "<group>";
		};
		E7F72DE8225E4349005808AA /* Assets */ = {
			isa = PBXGroup;
			children = (
				E721F9A8225E36D9005B39A0 /* Assets.xcassets */,
			);
			path = Assets;
			sourceTree = "<group>";
		};
		E7F72DE9225E435C005808AA /* Application */ = {
			isa = PBXGroup;
			children = (
				E721F9A1225E36D8005B39A0 /* AppDelegate.swift */,
				E721F9AA225E36D9005B39A0 /* LaunchScreen.storyboard */,
				E7F72EA1225F46DA005808AA /* Localizable.strings */,
			);
			path = Application;
			sourceTree = "<group>";
		};
		E7F72DEA225E4378005808AA /* Frontend */ = {
			isa = PBXGroup;
			children = (
				E7F72EB5225F945C005808AA /* SearchResultList */,
				E7F72DF6225E4807005808AA /* Home */,
				E7F72DFA225E70F8005808AA /* Colors.swift */,
				E7F72E6E225E80A6005808AA /* UIConstants.swift */,
			);
			path = Frontend;
			sourceTree = "<group>";
		};
		E7F72DF6225E4807005808AA /* Home */ = {
			isa = PBXGroup;
			children = (
				E7F72DF7225E4816005808AA /* HomeViewController.swift */,
				E7F72EAD225F55E1005808AA /* HomeViewProtocols.swift */,
				E7F72EAF225F5608005808AA /* HomeViewModel.swift */,
				E7F72EB1225F5885005808AA /* HomeViewDataProvider.swift */,
			);
			path = Home;
			sourceTree = "<group>";
		};
		E7F72DF9225E6CB0005808AA /* Common */ = {
			isa = PBXGroup;
			children = (
				E7F72E80225E837B005808AA /* NetworkMonitor.swift */,
				E7F72E89225E8D34005808AA /* StringMask.swift */,
				E7F72EA3225F48CD005808AA /* IndicatorButton.swift */,
				E7F72EB3225F69D9005808AA /* LocalizedStrings.swift */,
				E7F72EC0225FE0DA005808AA /* Extensions.swift */,
			);
			path = Common;
			sourceTree = "<group>";
		};
		E7F72DFC225E724F005808AA /* ThirdLib */ = {
			isa = PBXGroup;
			children = (
				E7F72EBE225FDDA3005808AA /* MJRefresh.framework */,
				E7F72E7B225E819B005808AA /* SDWebImage.framework */,
				E7F72E78225E819B005808AA /* SKPhotoBrowser.framework */,
				E7F72E79225E819B005808AA /* SnapKit.framework */,
				E7F72E7A225E819B005808AA /* ToastSwiftFramework.framework */,
				E7F72E76225E8187005808AA /* IQKeyboardManagerSwift.framework */,
				E7F72E70225E8159005808AA /* Alamofire.framework */,
				E7F72E67225E800A005808AA /* QXSwiftKit.framework */,
			);
			path = ThirdLib;
			sourceTree = "<group>";
		};
		E7F72E82225E83FB005808AA /* Api */ = {
			isa = PBXGroup;
			children = (
				E7F72E83225E843B005808AA /* FlickrSearchApiService.swift */,
				E7F72E85225E84FF005808AA /* FlickrSearchApiResponseModel.swift */,
				E7F72E87225E85F6005808AA /* FlickSearchResponseCacher.swift */,
			);
			path = Api;
			sourceTree = "<group>";
		};
		E7F72E8B225F4347005808AA /* Common */ = {
			isa = PBXGroup;
			children = (
				E7F72E8F225F43C2005808AA /* StringMaskTest.swift */,
			);
			path = Common;
			sourceTree = "<group>";
		};
		E7F72E8C225F4358005808AA /* Api */ = {
			isa = PBXGroup;
			children = (
				E7F72E8D225F43AB005808AA /* FlickrSearchApiServiceTest.swift */,
			);
			path = Api;
			sourceTree = "<group>";
		};
		E7F72EA5225F50DC005808AA /* Frameworks */ = {
			isa = PBXGroup;
			children = (
			);
			name = Frameworks;
			sourceTree = "<group>";
		};
		E7F72EB5225F945C005808AA /* SearchResultList */ = {
			isa = PBXGroup;
			children = (
				E7F72EB6225F9498005808AA /* SearchSuccessListViewController.swift */,
				E7F72EB8225F94CA005808AA /* SearchSuccessListViewModel.swift */,
				E7F72EBA225F9613005808AA /* SearchSuccessListDataProvider.swift */,
				E7F72EBC225F9691005808AA /* SearchSuccessListProtocols.swift */,
				E7F72EC2225FE29D005808AA /* PhotoCollectionViewCell.swift */,
			);
			path = SearchResultList;
			sourceTree = "<group>";
		};
/* End PBXGroup section */

/* Begin PBXNativeTarget section */
		E721F99D225E36D8005B39A0 /* PicSearcher */ = {
			isa = PBXNativeTarget;
			buildConfigurationList = E721F9C6225E36D9005B39A0 /* Build configuration list for PBXNativeTarget "PicSearcher" */;
			buildPhases = (
				E721F99A225E36D8005B39A0 /* Sources */,
				E721F99B225E36D8005B39A0 /* Frameworks */,
				E721F99C225E36D8005B39A0 /* Resources */,
				E721F9CF225E3780005B39A0 /* ShellScript */,
				E7F72E6D225E802F005808AA /* Embed Frameworks */,
			);
			buildRules = (
			);
			dependencies = (
			);
			name = PicSearcher;
			productName = PicSearcher;
			productReference = E721F99E225E36D8005B39A0 /* PicSearcher.app */;
			productType = "com.apple.product-type.application";
		};
		E721F9B1225E36D9005B39A0 /* PicSearcherTests */ = {
			isa = PBXNativeTarget;
			buildConfigurationList = E721F9C9225E36D9005B39A0 /* Build configuration list for PBXNativeTarget "PicSearcherTests" */;
			buildPhases = (
				E721F9AE225E36D9005B39A0 /* Sources */,
				E721F9AF225E36D9005B39A0 /* Frameworks */,
				E721F9B0225E36D9005B39A0 /* Resources */,
			);
			buildRules = (
			);
			dependencies = (
				E721F9B4225E36D9005B39A0 /* PBXTargetDependency */,
			);
			name = PicSearcherTests;
			productName = PicSearcherTests;
			productReference = E721F9B2225E36D9005B39A0 /* PicSearcherTests.xctest */;
			productType = "com.apple.product-type.bundle.unit-test";
		};
		E721F9BC225E36D9005B39A0 /* PicSearcherUITests */ = {
			isa = PBXNativeTarget;
			buildConfigurationList = E721F9CC225E36D9005B39A0 /* Build configuration list for PBXNativeTarget "PicSearcherUITests" */;
			buildPhases = (
				E721F9B9225E36D9005B39A0 /* Sources */,
				E721F9BA225E36D9005B39A0 /* Frameworks */,
				E721F9BB225E36D9005B39A0 /* Resources */,
			);
			buildRules = (
			);
			dependencies = (
				E721F9BF225E36D9005B39A0 /* PBXTargetDependency */,
			);
			name = PicSearcherUITests;
			productName = PicSearcherUITests;
			productReference = E721F9BD225E36D9005B39A0 /* PicSearcherUITests.xctest */;
			productType = "com.apple.product-type.bundle.ui-testing";
		};
/* End PBXNativeTarget section */

/* Begin PBXProject section */
		E721F996225E36D8005B39A0 /* Project object */ = {
			isa = PBXProject;
			attributes = {
				LastSwiftUpdateCheck = 1010;
				LastUpgradeCheck = 1010;
				ORGANIZATIONNAME = xingxing;
				TargetAttributes = {
					E721F99D225E36D8005B39A0 = {
						CreatedOnToolsVersion = 10.1;
					};
					E721F9B1225E36D9005B39A0 = {
						CreatedOnToolsVersion = 10.1;
						TestTargetID = E721F99D225E36D8005B39A0;
					};
					E721F9BC225E36D9005B39A0 = {
						CreatedOnToolsVersion = 10.1;
						TestTargetID = E721F99D225E36D8005B39A0;
					};
				};
			};
			buildConfigurationList = E721F999225E36D8005B39A0 /* Build configuration list for PBXProject "PicSearcher" */;
			compatibilityVersion = "Xcode 9.3";
			developmentRegion = en;
			hasScannedForEncodings = 0;
			knownRegions = (
				en,
				Base,
				"zh-Hans",
			);
			mainGroup = E721F995225E36D8005B39A0;
			productRefGroup = E721F99F225E36D8005B39A0 /* Products */;
			projectDirPath = "";
			projectRoot = "";
			targets = (
				E721F99D225E36D8005B39A0 /* PicSearcher */,
				E721F9B1225E36D9005B39A0 /* PicSearcherTests */,
				E721F9BC225E36D9005B39A0 /* PicSearcherUITests */,
			);
		};
/* End PBXProject section */

/* Begin PBXResourcesBuildPhase section */
		E721F99C225E36D8005B39A0 /* Resources */ = {
			isa = PBXResourcesBuildPhase;
			buildActionMask = 2147483647;
			files = (
				E7F72E9F225F46DA005808AA /* Localizable.strings in Resources */,
				E721F9AC225E36D9005B39A0 /* LaunchScreen.storyboard in Resources */,
				E7F72DF0225E4766005808AA /* InfoPlist.strings in Resources */,
				E721F9A9225E36D9005B39A0 /* Assets.xcassets in Resources */,
				E7F72DE4225E3894005808AA /* Cartfile in Resources */,
			);
			runOnlyForDeploymentPostprocessing = 0;
		};
		E721F9B0225E36D9005B39A0 /* Resources */ = {
			isa = PBXResourcesBuildPhase;
			buildActionMask = 2147483647;
			files = (
			);
			runOnlyForDeploymentPostprocessing = 0;
		};
		E721F9BB225E36D9005B39A0 /* Resources */ = {
			isa = PBXResourcesBuildPhase;
			buildActionMask = 2147483647;
			files = (
			);
			runOnlyForDeploymentPostprocessing = 0;
		};
/* End PBXResourcesBuildPhase section */

/* Begin PBXShellScriptBuildPhase section */
		E721F9CF225E3780005B39A0 /* ShellScript */ = {
			isa = PBXShellScriptBuildPhase;
			buildActionMask = 2147483647;
			files = (
			);
			inputFileListPaths = (
			);
			inputPaths = (
			);
			outputFileListPaths = (
			);
			outputPaths = (
			);
			runOnlyForDeploymentPostprocessing = 0;
			shellPath = /bin/sh;
			shellScript = "# Type a script or drag a script file from your workspace to insert its path.\nif which swiftlint >/dev/null; then\nswiftlint\nelse\necho \"warning: SwiftLint not installed, download from https://github.com/realm/SwiftLint\"\nfi\n";
		};
/* End PBXShellScriptBuildPhase section */

/* Begin PBXSourcesBuildPhase section */
		E721F99A225E36D8005B39A0 /* Sources */ = {
			isa = PBXSourcesBuildPhase;
			buildActionMask = 2147483647;
			files = (
				E721F9A2225E36D8005B39A0 /* AppDelegate.swift in Sources */,
				E7F72EC3225FE29D005808AA /* PhotoCollectionViewCell.swift in Sources */,
				E7F72E8A225E8D34005808AA /* StringMask.swift in Sources */,
				E7F72E6F225E80A6005808AA /* UIConstants.swift in Sources */,
				E7F72E81225E837B005808AA /* NetworkMonitor.swift in Sources */,
				E7F72EB9225F94CA005808AA /* SearchSuccessListViewModel.swift in Sources */,
				E7F72EB4225F69D9005808AA /* LocalizedStrings.swift in Sources */,
				E7F72EAE225F55E1005808AA /* HomeViewProtocols.swift in Sources */,
				E7F72EC1225FE0DA005808AA /* Extensions.swift in Sources */,
				E7F72EB7225F9498005808AA /* SearchSuccessListViewController.swift in Sources */,
				E7F72EBB225F9613005808AA /* SearchSuccessListDataProvider.swift in Sources */,
				E7F72E86225E84FF005808AA /* FlickrSearchApiResponseModel.swift in Sources */,
				E7F72DFB225E70F8005808AA /* Colors.swift in Sources */,
				E7F72EB0225F5608005808AA /* HomeViewModel.swift in Sources */,
				E7F72DF8225E4816005808AA /* HomeViewController.swift in Sources */,
				E7F72EA4225F48CD005808AA /* IndicatorButton.swift in Sources */,
				E7F72EB2225F5885005808AA /* HomeViewDataProvider.swift in Sources */,
				E7F72E88225E85F6005808AA /* FlickSearchResponseCacher.swift in Sources */,
				E7F72EBD225F9691005808AA /* SearchSuccessListProtocols.swift in Sources */,
				E7F72E84225E843B005808AA /* FlickrSearchApiService.swift in Sources */,
			);
			runOnlyForDeploymentPostprocessing = 0;
		};
		E721F9AE225E36D9005B39A0 /* Sources */ = {
			isa = PBXSourcesBuildPhase;
			buildActionMask = 2147483647;
			files = (
				E7F72E90225F43C2005808AA /* StringMaskTest.swift in Sources */,
				E7F72E8E225F43AB005808AA /* FlickrSearchApiServiceTest.swift in Sources */,
				E721F9B7225E36D9005B39A0 /* PicSearcherTests.swift in Sources */,
			);
			runOnlyForDeploymentPostprocessing = 0;
		};
		E721F9B9225E36D9005B39A0 /* Sources */ = {
			isa = PBXSourcesBuildPhase;
			buildActionMask = 2147483647;
			files = (
				E721F9C2225E36D9005B39A0 /* PicSearcherUITests.swift in Sources */,
			);
			runOnlyForDeploymentPostprocessing = 0;
		};
/* End PBXSourcesBuildPhase section */

/* Begin PBXTargetDependency section */
		E721F9B4225E36D9005B39A0 /* PBXTargetDependency */ = {
			isa = PBXTargetDependency;
			target = E721F99D225E36D8005B39A0 /* PicSearcher */;
			targetProxy = E721F9B3225E36D9005B39A0 /* PBXContainerItemProxy */;
		};
		E721F9BF225E36D9005B39A0 /* PBXTargetDependency */ = {
			isa = PBXTargetDependency;
			target = E721F99D225E36D8005B39A0 /* PicSearcher */;
			targetProxy = E721F9BE225E36D9005B39A0 /* PBXContainerItemProxy */;
		};
/* End PBXTargetDependency section */

/* Begin PBXVariantGroup section */
		E721F9AA225E36D9005B39A0 /* LaunchScreen.storyboard */ = {
			isa = PBXVariantGroup;
			children = (
				E7F72DF5225E47E3005808AA /* zh-Hans */,
			);
			name = LaunchScreen.storyboard;
			sourceTree = "<group>";
		};
		E7F72DF2225E4766005808AA /* InfoPlist.strings */ = {
			isa = PBXVariantGroup;
			children = (
				E7F72DF1225E4766005808AA /* en */,
				E7F72DF4225E47C5005808AA /* zh-Hans */,
			);
			name = InfoPlist.strings;
			sourceTree = "<group>";
		};
		E7F72EA1225F46DA005808AA /* Localizable.strings */ = {
			isa = PBXVariantGroup;
			children = (
				E7F72EA0225F46DA005808AA /* en */,
				E7F72EA2225F46DB005808AA /* zh-Hans */,
			);
			name = Localizable.strings;
			sourceTree = "<group>";
		};
/* End PBXVariantGroup section */

/* Begin XCBuildConfiguration section */
		E721F9C4225E36D9005B39A0 /* Debug */ = {
			isa = XCBuildConfiguration;
			buildSettings = {
				ALWAYS_SEARCH_USER_PATHS = NO;
				CLANG_ANALYZER_LOCALIZABILITY_NONLOCALIZED = YES;
				CLANG_ANALYZER_NONNULL = YES;
				CLANG_ANALYZER_NUMBER_OBJECT_CONVERSION = YES_AGGRESSIVE;
				CLANG_CXX_LANGUAGE_STANDARD = "gnu++14";
				CLANG_CXX_LIBRARY = "libc++";
				CLANG_ENABLE_MODULES = YES;
				CLANG_ENABLE_OBJC_ARC = YES;
				CLANG_ENABLE_OBJC_WEAK = YES;
				CLANG_WARN_BLOCK_CAPTURE_AUTORELEASING = YES;
				CLANG_WARN_BOOL_CONVERSION = YES;
				CLANG_WARN_COMMA = YES;
				CLANG_WARN_CONSTANT_CONVERSION = YES;
				CLANG_WARN_DEPRECATED_OBJC_IMPLEMENTATIONS = YES;
				CLANG_WARN_DIRECT_OBJC_ISA_USAGE = YES_ERROR;
				CLANG_WARN_DOCUMENTATION_COMMENTS = YES;
				CLANG_WARN_EMPTY_BODY = YES;
				CLANG_WARN_ENUM_CONVERSION = YES;
				CLANG_WARN_INFINITE_RECURSION = YES;
				CLANG_WARN_INT_CONVERSION = YES;
				CLANG_WARN_NON_LITERAL_NULL_CONVERSION = YES;
				CLANG_WARN_OBJC_IMPLICIT_RETAIN_SELF = YES;
				CLANG_WARN_OBJC_LITERAL_CONVERSION = YES;
				CLANG_WARN_OBJC_ROOT_CLASS = YES_ERROR;
				CLANG_WARN_RANGE_LOOP_ANALYSIS = YES;
				CLANG_WARN_STRICT_PROTOTYPES = YES;
				CLANG_WARN_SUSPICIOUS_MOVE = YES;
				CLANG_WARN_UNGUARDED_AVAILABILITY = YES_AGGRESSIVE;
				CLANG_WARN_UNREACHABLE_CODE = YES;
				CLANG_WARN__DUPLICATE_METHOD_MATCH = YES;
				CODE_SIGN_IDENTITY = "iPhone Developer";
				COPY_PHASE_STRIP = NO;
				DEBUG_INFORMATION_FORMAT = dwarf;
				ENABLE_STRICT_OBJC_MSGSEND = YES;
				ENABLE_TESTABILITY = YES;
				GCC_C_LANGUAGE_STANDARD = gnu11;
				GCC_DYNAMIC_NO_PIC = NO;
				GCC_NO_COMMON_BLOCKS = YES;
				GCC_OPTIMIZATION_LEVEL = 0;
				GCC_PREPROCESSOR_DEFINITIONS = (
					"DEBUG=1",
					"$(inherited)",
				);
				GCC_WARN_64_TO_32_BIT_CONVERSION = YES;
				GCC_WARN_ABOUT_RETURN_TYPE = YES_ERROR;
				GCC_WARN_UNDECLARED_SELECTOR = YES;
				GCC_WARN_UNINITIALIZED_AUTOS = YES_AGGRESSIVE;
				GCC_WARN_UNUSED_FUNCTION = YES;
				GCC_WARN_UNUSED_VARIABLE = YES;
				IPHONEOS_DEPLOYMENT_TARGET = 12.1;
				MTL_ENABLE_DEBUG_INFO = INCLUDE_SOURCE;
				MTL_FAST_MATH = YES;
				ONLY_ACTIVE_ARCH = YES;
				SDKROOT = iphoneos;
				SWIFT_ACTIVE_COMPILATION_CONDITIONS = DEBUG;
				SWIFT_OPTIMIZATION_LEVEL = "-Onone";
			};
			name = Debug;
		};
		E721F9C5225E36D9005B39A0 /* Release */ = {
			isa = XCBuildConfiguration;
			buildSettings = {
				ALWAYS_SEARCH_USER_PATHS = NO;
				CLANG_ANALYZER_LOCALIZABILITY_NONLOCALIZED = YES;
				CLANG_ANALYZER_NONNULL = YES;
				CLANG_ANALYZER_NUMBER_OBJECT_CONVERSION = YES_AGGRESSIVE;
				CLANG_CXX_LANGUAGE_STANDARD = "gnu++14";
				CLANG_CXX_LIBRARY = "libc++";
				CLANG_ENABLE_MODULES = YES;
				CLANG_ENABLE_OBJC_ARC = YES;
				CLANG_ENABLE_OBJC_WEAK = YES;
				CLANG_WARN_BLOCK_CAPTURE_AUTORELEASING = YES;
				CLANG_WARN_BOOL_CONVERSION = YES;
				CLANG_WARN_COMMA = YES;
				CLANG_WARN_CONSTANT_CONVERSION = YES;
				CLANG_WARN_DEPRECATED_OBJC_IMPLEMENTATIONS = YES;
				CLANG_WARN_DIRECT_OBJC_ISA_USAGE = YES_ERROR;
				CLANG_WARN_DOCUMENTATION_COMMENTS = YES;
				CLANG_WARN_EMPTY_BODY = YES;
				CLANG_WARN_ENUM_CONVERSION = YES;
				CLANG_WARN_INFINITE_RECURSION = YES;
				CLANG_WARN_INT_CONVERSION = YES;
				CLANG_WARN_NON_LITERAL_NULL_CONVERSION = YES;
				CLANG_WARN_OBJC_IMPLICIT_RETAIN_SELF = YES;
				CLANG_WARN_OBJC_LITERAL_CONVERSION = YES;
				CLANG_WARN_OBJC_ROOT_CLASS = YES_ERROR;
				CLANG_WARN_RANGE_LOOP_ANALYSIS = YES;
				CLANG_WARN_STRICT_PROTOTYPES = YES;
				CLANG_WARN_SUSPICIOUS_MOVE = YES;
				CLANG_WARN_UNGUARDED_AVAILABILITY = YES_AGGRESSIVE;
				CLANG_WARN_UNREACHABLE_CODE = YES;
				CLANG_WARN__DUPLICATE_METHOD_MATCH = YES;
				CODE_SIGN_IDENTITY = "iPhone Developer";
				COPY_PHASE_STRIP = NO;
				DEBUG_INFORMATION_FORMAT = "dwarf-with-dsym";
				ENABLE_NS_ASSERTIONS = NO;
				ENABLE_STRICT_OBJC_MSGSEND = YES;
				GCC_C_LANGUAGE_STANDARD = gnu11;
				GCC_NO_COMMON_BLOCKS = YES;
				GCC_WARN_64_TO_32_BIT_CONVERSION = YES;
				GCC_WARN_ABOUT_RETURN_TYPE = YES_ERROR;
				GCC_WARN_UNDECLARED_SELECTOR = YES;
				GCC_WARN_UNINITIALIZED_AUTOS = YES_AGGRESSIVE;
				GCC_WARN_UNUSED_FUNCTION = YES;
				GCC_WARN_UNUSED_VARIABLE = YES;
				IPHONEOS_DEPLOYMENT_TARGET = 12.1;
				MTL_ENABLE_DEBUG_INFO = NO;
				MTL_FAST_MATH = YES;
				SDKROOT = iphoneos;
				SWIFT_COMPILATION_MODE = wholemodule;
				SWIFT_OPTIMIZATION_LEVEL = "-O";
				VALIDATE_PRODUCT = YES;
			};
			name = Release;
		};
		E721F9C7225E36D9005B39A0 /* Debug */ = {
			isa = XCBuildConfiguration;
			buildSettings = {
				ASSETCATALOG_COMPILER_APPICON_NAME = AppIcon;
				CODE_SIGN_STYLE = Automatic;
				DEVELOPMENT_TEAM = FY7P59XUMB;
				FRAMEWORK_SEARCH_PATHS = (
					"\"$(SRCROOT)/Carthage/Build/iOS\"",
					"$(PROJECT_DIR)/PicSearcher/ThirdLib",
					"$(PROJECT_DIR)/Carthage/Build/iOS",
				);
				INFOPLIST_FILE = PicSearcher/Info.plist;
				IPHONEOS_DEPLOYMENT_TARGET = 11.0;
				LD_RUNPATH_SEARCH_PATHS = (
					"$(inherited)",
					"@executable_path/Frameworks",
				);
				PRODUCT_BUNDLE_IDENTIFIER = com.qixingyin.app.PicSearcher;
				PRODUCT_NAME = "$(TARGET_NAME)";
				SWIFT_VERSION = 4.2;
				TARGETED_DEVICE_FAMILY = "1,2";
			};
			name = Debug;
		};
		E721F9C8225E36D9005B39A0 /* Release */ = {
			isa = XCBuildConfiguration;
			buildSettings = {
				ASSETCATALOG_COMPILER_APPICON_NAME = AppIcon;
				CODE_SIGN_STYLE = Automatic;
				DEVELOPMENT_TEAM = FY7P59XUMB;
				FRAMEWORK_SEARCH_PATHS = (
					"\"$(SRCROOT)/Carthage/Build/iOS\"",
					"$(PROJECT_DIR)/PicSearcher/ThirdLib",
					"$(PROJECT_DIR)/Carthage/Build/iOS",
				);
				INFOPLIST_FILE = PicSearcher/Info.plist;
				IPHONEOS_DEPLOYMENT_TARGET = 11.0;
				LD_RUNPATH_SEARCH_PATHS = (
					"$(inherited)",
					"@executable_path/Frameworks",
				);
				PRODUCT_BUNDLE_IDENTIFIER = com.qixingyin.app.PicSearcher;
				PRODUCT_NAME = "$(TARGET_NAME)";
				SWIFT_VERSION = 4.2;
				TARGETED_DEVICE_FAMILY = "1,2";
			};
			name = Release;
		};
		E721F9CA225E36D9005B39A0 /* Debug */ = {
			isa = XCBuildConfiguration;
			buildSettings = {
				ALWAYS_EMBED_SWIFT_STANDARD_LIBRARIES = YES;
				BUNDLE_LOADER = "$(TEST_HOST)";
				CODE_SIGN_STYLE = Automatic;
				DEVELOPMENT_TEAM = FY7P59XUMB;
				INFOPLIST_FILE = PicSearcherTests/Info.plist;
				LD_RUNPATH_SEARCH_PATHS = (
					"$(inherited)",
					"@executable_path/Frameworks",
					"@loader_path/Frameworks",
				);
				PRODUCT_BUNDLE_IDENTIFIER = com.qixingyin.app.PicSearcherTests;
				PRODUCT_NAME = "$(TARGET_NAME)";
				SWIFT_VERSION = 4.2;
				TARGETED_DEVICE_FAMILY = "1,2";
				TEST_HOST = "$(BUILT_PRODUCTS_DIR)/PicSearcher.app/PicSearcher";
			};
			name = Debug;
		};
		E721F9CB225E36D9005B39A0 /* Release */ = {
			isa = XCBuildConfiguration;
			buildSettings = {
				ALWAYS_EMBED_SWIFT_STANDARD_LIBRARIES = YES;
				BUNDLE_LOADER = "$(TEST_HOST)";
				CODE_SIGN_STYLE = Automatic;
				DEVELOPMENT_TEAM = FY7P59XUMB;
				INFOPLIST_FILE = PicSearcherTests/Info.plist;
				LD_RUNPATH_SEARCH_PATHS = (
					"$(inherited)",
					"@executable_path/Frameworks",
					"@loader_path/Frameworks",
				);
				PRODUCT_BUNDLE_IDENTIFIER = com.qixingyin.app.PicSearcherTests;
				PRODUCT_NAME = "$(TARGET_NAME)";
				SWIFT_VERSION = 4.2;
				TARGETED_DEVICE_FAMILY = "1,2";
				TEST_HOST = "$(BUILT_PRODUCTS_DIR)/PicSearcher.app/PicSearcher";
			};
			name = Release;
		};
		E721F9CD225E36D9005B39A0 /* Debug */ = {
			isa = XCBuildConfiguration;
			buildSettings = {
				ALWAYS_EMBED_SWIFT_STANDARD_LIBRARIES = YES;
				CODE_SIGN_STYLE = Automatic;
				DEVELOPMENT_TEAM = FY7P59XUMB;
				INFOPLIST_FILE = PicSearcherUITests/Info.plist;
				LD_RUNPATH_SEARCH_PATHS = (
					"$(inherited)",
					"@executable_path/Frameworks",
					"@loader_path/Frameworks",
				);
				PRODUCT_BUNDLE_IDENTIFIER = com.qixingyin.app.PicSearcherUITests;
				PRODUCT_NAME = "$(TARGET_NAME)";
				SWIFT_VERSION = 4.2;
				TARGETED_DEVICE_FAMILY = "1,2";
				TEST_TARGET_NAME = PicSearcher;
			};
			name = Debug;
		};
		E721F9CE225E36D9005B39A0 /* Release */ = {
			isa = XCBuildConfiguration;
			buildSettings = {
				ALWAYS_EMBED_SWIFT_STANDARD_LIBRARIES = YES;
				CODE_SIGN_STYLE = Automatic;
				DEVELOPMENT_TEAM = FY7P59XUMB;
				INFOPLIST_FILE = PicSearcherUITests/Info.plist;
				LD_RUNPATH_SEARCH_PATHS = (
					"$(inherited)",
					"@executable_path/Frameworks",
					"@loader_path/Frameworks",
				);
				PRODUCT_BUNDLE_IDENTIFIER = com.qixingyin.app.PicSearcherUITests;
				PRODUCT_NAME = "$(TARGET_NAME)";
				SWIFT_VERSION = 4.2;
				TARGETED_DEVICE_FAMILY = "1,2";
				TEST_TARGET_NAME = PicSearcher;
			};
			name = Release;
		};
/* End XCBuildConfiguration section */

/* Begin XCConfigurationList section */
		E721F999225E36D8005B39A0 /* Build configuration list for PBXProject "PicSearcher" */ = {
			isa = XCConfigurationList;
			buildConfigurations = (
				E721F9C4225E36D9005B39A0 /* Debug */,
				E721F9C5225E36D9005B39A0 /* Release */,
			);
			defaultConfigurationIsVisible = 0;
			defaultConfigurationName = Release;
		};
		E721F9C6225E36D9005B39A0 /* Build configuration list for PBXNativeTarget "PicSearcher" */ = {
			isa = XCConfigurationList;
			buildConfigurations = (
				E721F9C7225E36D9005B39A0 /* Debug */,
				E721F9C8225E36D9005B39A0 /* Release */,
			);
			defaultConfigurationIsVisible = 0;
			defaultConfigurationName = Release;
		};
		E721F9C9225E36D9005B39A0 /* Build configuration list for PBXNativeTarget "PicSearcherTests" */ = {
			isa = XCConfigurationList;
			buildConfigurations = (
				E721F9CA225E36D9005B39A0 /* Debug */,
				E721F9CB225E36D9005B39A0 /* Release */,
			);
			defaultConfigurationIsVisible = 0;
			defaultConfigurationName = Release;
		};
		E721F9CC225E36D9005B39A0 /* Build configuration list for PBXNativeTarget "PicSearcherUITests" */ = {
			isa = XCConfigurationList;
			buildConfigurations = (
				E721F9CD225E36D9005B39A0 /* Debug */,
				E721F9CE225E36D9005B39A0 /* Release */,
			);
			defaultConfigurationIsVisible = 0;
			defaultConfigurationName = Release;
		};
/* End XCConfigurationList section */
	};
	rootObject = E721F996225E36D8005B39A0 /* Project object */;
}
